{
  "name": "gomakethings-structure-and-scale-modules2",
  "version": "1.0.0",
  "lockfileVersion": 1,
  "requires": true,
  "dependencies": {
    "fsevents": {
      "version": "2.3.2",
      "resolved": "https://registry.npmjs.org/fsevents/-/fsevents-2.3.2.tgz",
      "integrity": "sha512-xiqMQR4xAeHTuB9uWm+fFRcIOgKBMiOBP+eXiyT7jsgVCq1bkVygt00oASowB7EdtpOHaaPgKt812P9ab+DDKA==",
      "dev": true,
      "optional": true
    },
    "python": {
      "version": "0.0.4",
      "resolved": "https://registry.npmjs.org/python/-/python-0.0.4.tgz",
      "integrity": "sha512-7avKA/6XxrwcGSDes8xGn7FHAUdAUQXKHtpjDulyv5/nm7TcPblmPRvXjjwx5knWHqeRiipqH/TZR2HhmJ4CGQ=="
    },
    "rollup": {
      "version": "2.79.1",
      "dev": true,
      "requires": {
        "fsevents": "~2.3.2"
      }
    }
  }
}
